
Microsoft Visual Studio Solution File, Format Version 12.00
# Visual Studio 14
VisualStudioVersion = 14.0.24720.0
MinimumVisualStudioVersion = 10.0.40219.1
Project("{FAE04EC0-301F-11D3-BF4B-00C04F79EFBC}") = "JPEG-EntropyCoder", "JPEG-EntropyCoder\JPEG-EntropyCoder.csproj", "{24F4FFCA-D7C3-43A1-9FA0-6B058899A4E7}"
EndProject
Project("{FAE04EC0-301F-11D3-BF4B-00C04F79EFBC}") = "JPEG-EntropyCoderTests", "JPEG-EntropyCoderTests\JPEG-EntropyCoderTests.csproj", "{941A47F2-88C2-463C-B1A9-91CAD27D5659}"
EndProject
Global
	GlobalSection(SolutionConfigurationPlatforms) = preSolution
		Debug|Any CPU = Debug|Any CPU
		Release|Any CPU = Release|Any CPU
	EndGlobalSection
	GlobalSection(ProjectConfigurationPlatforms) = postSolution
		{24F4FFCA-D7C3-43A1-9FA0-6B058899A4E7}.Debug|Any CPU.ActiveCfg = Debug|Any CPU
		{24F4FFCA-D7C3-43A1-9FA0-6B058899A4E7}.Debug|Any CPU.Build.0 = Debug|Any CPU
		{24F4FFCA-D7C3-43A1-9FA0-6B058899A4E7}.Release|Any CPU.ActiveCfg = Release|Any CPU
		{24F4FFCA-D7C3-43A1-9FA0-6B058899A4E7}.Release|Any CPU.Build.0 = Release|Any CPU
		{941A47F2-88C2-463C-B1A9-91CAD27D5659}.Debug|Any CPU.ActiveCfg = Debug|Any CPU
		{941A47F2-88C2-463C-B1A9-91CAD27D5659}.Debug|Any CPU.Build.0 = Debug|Any CPU
		{941A47F2-88C2-463C-B1A9-91CAD27D5659}.Release|Any CPU.ActiveCfg = Release|Any CPU
		{941A47F2-88C2-463C-B1A9-91CAD27D5659}.Release|Any CPU.Build.0 = Release|Any CPU
	EndGlobalSection
	GlobalSection(SolutionProperties) = preSolution
		HideSolutionNode = FALSE
	EndGlobalSection
EndGlobal
